
Microsoft Visual Studio Solution File, Format Version 12.00
# Visual Studio Version 17
VisualStudioVersion = 17.11.35327.3
MinimumVisualStudioVersion = 10.0.40219.1
Project("{8BC9CEB8-8B4A-11D0-8D11-00A0C91BC942}") = "November5_2024-COSC1436", "November5_2024-COSC1436\November5_2024-COSC1436.vcxproj", "{24B917CD-0F55-415D-9E86-54B8932415C9}"
EndProject
Project("{8BC9CEB8-8B4A-11D0-8D11-00A0C91BC942}") = "Nov7-continuing static array stuff", "Nov7-continuing static array stuff\Nov7-continuing static array stuff.vcxproj", "{1A14A5C0-7C29-48EB-AA0D-979680773483}"
EndProject
Project("{8BC9CEB8-8B4A-11D0-8D11-00A0C91BC942}") = "Student submission of some string function assignment", "Student submission of some string function assignment\Student submission of some string function assignment.vcxproj", "{4D20ABC3-436C-43FB-8E10-C6F879BD8E8A}"
EndProject
Project("{8BC9CEB8-8B4A-11D0-8D11-00A0C91BC942}") = "Demoing range based for loop", "Demoing range based for loop\Demoing range based for loop.vcxproj", "{FECBF0ED-F7D7-4816-84D8-D8F9F0A13986}"
EndProject
Project("{8BC9CEB8-8B4A-11D0-8D11-00A0C91BC942}") = "Introduction to the dynamic array - AKA- vector", "Introduction to the dynamic array - AKA- vector\Introduction to the dynamic array - AKA- vector.vcxproj", "{4519F48F-C585-48F5-B88E-337E6BD53C18}"
EndProject
Project("{8BC9CEB8-8B4A-11D0-8D11-00A0C91BC942}") = "One student sub of hangman", "One student sub of hangman\One student sub of hangman.vcxproj", "{8F35C005-D3A3-4ADB-9FE1-0AECFB8FFA19}"
EndProject
Project("{8BC9CEB8-8B4A-11D0-8D11-00A0C91BC942}") = "Nov12- continuing array stuff", "Nov12- continuing array stuff\Nov12- continuing array stuff.vcxproj", "{57AE8756-881C-4B72-A267-674BD28A5D22}"
EndProject
Project("{8BC9CEB8-8B4A-11D0-8D11-00A0C91BC942}") = "Playing with a 2D array - exploring a MAZE generated by copilot", "Playing with a 2D array - exploring a MAZE generated by copilot\Playing with a 2D array - exploring a MAZE generated by copilot.vcxproj", "{3C6CEAB9-69E9-42AF-863B-7AD8B92B8EA0}"
EndProject
Global
	GlobalSection(SolutionConfigurationPlatforms) = preSolution
		Debug|x64 = Debug|x64
		Debug|x86 = Debug|x86
		Release|x64 = Release|x64
		Release|x86 = Release|x86
	EndGlobalSection
	GlobalSection(ProjectConfigurationPlatforms) = postSolution
		{24B917CD-0F55-415D-9E86-54B8932415C9}.Debug|x64.ActiveCfg = Debug|x64
		{24B917CD-0F55-415D-9E86-54B8932415C9}.Debug|x64.Build.0 = Debug|x64
		{24B917CD-0F55-415D-9E86-54B8932415C9}.Debug|x86.ActiveCfg = Debug|Win32
		{24B917CD-0F55-415D-9E86-54B8932415C9}.Debug|x86.Build.0 = Debug|Win32
		{24B917CD-0F55-415D-9E86-54B8932415C9}.Release|x64.ActiveCfg = Release|x64
		{24B917CD-0F55-415D-9E86-54B8932415C9}.Release|x64.Build.0 = Release|x64
		{24B917CD-0F55-415D-9E86-54B8932415C9}.Release|x86.ActiveCfg = Release|Win32
		{24B917CD-0F55-415D-9E86-54B8932415C9}.Release|x86.Build.0 = Release|Win32
		{1A14A5C0-7C29-48EB-AA0D-979680773483}.Debug|x64.ActiveCfg = Debug|x64
		{1A14A5C0-7C29-48EB-AA0D-979680773483}.Debug|x64.Build.0 = Debug|x64
		{1A14A5C0-7C29-48EB-AA0D-979680773483}.Debug|x86.ActiveCfg = Debug|Win32
		{1A14A5C0-7C29-48EB-AA0D-979680773483}.Debug|x86.Build.0 = Debug|Win32
		{1A14A5C0-7C29-48EB-AA0D-979680773483}.Release|x64.ActiveCfg = Release|x64
		{1A14A5C0-7C29-48EB-AA0D-979680773483}.Release|x64.Build.0 = Release|x64
		{1A14A5C0-7C29-48EB-AA0D-979680773483}.Release|x86.ActiveCfg = Release|Win32
		{1A14A5C0-7C29-48EB-AA0D-979680773483}.Release|x86.Build.0 = Release|Win32
		{4D20ABC3-436C-43FB-8E10-C6F879BD8E8A}.Debug|x64.ActiveCfg = Debug|x64
		{4D20ABC3-436C-43FB-8E10-C6F879BD8E8A}.Debug|x64.Build.0 = Debug|x64
		{4D20ABC3-436C-43FB-8E10-C6F879BD8E8A}.Debug|x86.ActiveCfg = Debug|Win32
		{4D20ABC3-436C-43FB-8E10-C6F879BD8E8A}.Debug|x86.Build.0 = Debug|Win32
		{4D20ABC3-436C-43FB-8E10-C6F879BD8E8A}.Release|x64.ActiveCfg = Release|x64
		{4D20ABC3-436C-43FB-8E10-C6F879BD8E8A}.Release|x64.Build.0 = Release|x64
		{4D20ABC3-436C-43FB-8E10-C6F879BD8E8A}.Release|x86.ActiveCfg = Release|Win32
		{4D20ABC3-436C-43FB-8E10-C6F879BD8E8A}.Release|x86.Build.0 = Release|Win32
		{FECBF0ED-F7D7-4816-84D8-D8F9F0A13986}.Debug|x64.ActiveCfg = Debug|x64
		{FECBF0ED-F7D7-4816-84D8-D8F9F0A13986}.Debug|x64.Build.0 = Debug|x64
		{FECBF0ED-F7D7-4816-84D8-D8F9F0A13986}.Debug|x86.ActiveCfg = Debug|Win32
		{FECBF0ED-F7D7-4816-84D8-D8F9F0A13986}.Debug|x86.Build.0 = Debug|Win32
		{FECBF0ED-F7D7-4816-84D8-D8F9F0A13986}.Release|x64.ActiveCfg = Release|x64
		{FECBF0ED-F7D7-4816-84D8-D8F9F0A13986}.Release|x64.Build.0 = Release|x64
		{FECBF0ED-F7D7-4816-84D8-D8F9F0A13986}.Release|x86.ActiveCfg = Release|Win32
		{FECBF0ED-F7D7-4816-84D8-D8F9F0A13986}.Release|x86.Build.0 = Release|Win32
		{4519F48F-C585-48F5-B88E-337E6BD53C18}.Debug|x64.ActiveCfg = Debug|x64
		{4519F48F-C585-48F5-B88E-337E6BD53C18}.Debug|x64.Build.0 = Debug|x64
		{4519F48F-C585-48F5-B88E-337E6BD53C18}.Debug|x86.ActiveCfg = Debug|Win32
		{4519F48F-C585-48F5-B88E-337E6BD53C18}.Debug|x86.Build.0 = Debug|Win32
		{4519F48F-C585-48F5-B88E-337E6BD53C18}.Release|x64.ActiveCfg = Release|x64
		{4519F48F-C585-48F5-B88E-337E6BD53C18}.Release|x64.Build.0 = Release|x64
		{4519F48F-C585-48F5-B88E-337E6BD53C18}.Release|x86.ActiveCfg = Release|Win32
		{4519F48F-C585-48F5-B88E-337E6BD53C18}.Release|x86.Build.0 = Release|Win32
		{8F35C005-D3A3-4ADB-9FE1-0AECFB8FFA19}.Debug|x64.ActiveCfg = Debug|x64
		{8F35C005-D3A3-4ADB-9FE1-0AECFB8FFA19}.Debug|x64.Build.0 = Debug|x64
		{8F35C005-D3A3-4ADB-9FE1-0AECFB8FFA19}.Debug|x86.ActiveCfg = Debug|Win32
		{8F35C005-D3A3-4ADB-9FE1-0AECFB8FFA19}.Debug|x86.Build.0 = Debug|Win32
		{8F35C005-D3A3-4ADB-9FE1-0AECFB8FFA19}.Release|x64.ActiveCfg = Release|x64
		{8F35C005-D3A3-4ADB-9FE1-0AECFB8FFA19}.Release|x64.Build.0 = Release|x64
		{8F35C005-D3A3-4ADB-9FE1-0AECFB8FFA19}.Release|x86.ActiveCfg = Release|Win32
		{8F35C005-D3A3-4ADB-9FE1-0AECFB8FFA19}.Release|x86.Build.0 = Release|Win32
		{57AE8756-881C-4B72-A267-674BD28A5D22}.Debug|x64.ActiveCfg = Debug|x64
		{57AE8756-881C-4B72-A267-674BD28A5D22}.Debug|x64.Build.0 = Debug|x64
		{57AE8756-881C-4B72-A267-674BD28A5D22}.Debug|x86.ActiveCfg = Debug|Win32
		{57AE8756-881C-4B72-A267-674BD28A5D22}.Debug|x86.Build.0 = Debug|Win32
		{57AE8756-881C-4B72-A267-674BD28A5D22}.Release|x64.ActiveCfg = Release|x64
		{57AE8756-881C-4B72-A267-674BD28A5D22}.Release|x64.Build.0 = Release|x64
		{57AE8756-881C-4B72-A267-674BD28A5D22}.Release|x86.ActiveCfg = Release|Win32
		{57AE8756-881C-4B72-A267-674BD28A5D22}.Release|x86.Build.0 = Release|Win32
		{3C6CEAB9-69E9-42AF-863B-7AD8B92B8EA0}.Debug|x64.ActiveCfg = Debug|x64
		{3C6CEAB9-69E9-42AF-863B-7AD8B92B8EA0}.Debug|x64.Build.0 = Debug|x64
		{3C6CEAB9-69E9-42AF-863B-7AD8B92B8EA0}.Debug|x86.ActiveCfg = Debug|Win32
		{3C6CEAB9-69E9-42AF-863B-7AD8B92B8EA0}.Debug|x86.Build.0 = Debug|Win32
		{3C6CEAB9-69E9-42AF-863B-7AD8B92B8EA0}.Release|x64.ActiveCfg = Release|x64
		{3C6CEAB9-69E9-42AF-863B-7AD8B92B8EA0}.Release|x64.Build.0 = Release|x64
		{3C6CEAB9-69E9-42AF-863B-7AD8B92B8EA0}.Release|x86.ActiveCfg = Release|Win32
		{3C6CEAB9-69E9-42AF-863B-7AD8B92B8EA0}.Release|x86.Build.0 = Release|Win32
	EndGlobalSection
	GlobalSection(SolutionProperties) = preSolution
		HideSolutionNode = FALSE
	EndGlobalSection
	GlobalSection(ExtensibilityGlobals) = postSolution
		SolutionGuid = {AEE47A9E-4ACA-4763-AE02-841E655F0FE0}
	EndGlobalSection
EndGlobal
